// !$*UTF8*$!
{
	archiveVersion = 1;
	classes = {
	};
	objectVersion = 55;
	objects = {

/* Begin PBXBuildFile section */
		F946A5CB2895A87100DDD402 /* LayoutAndGeometryApp.swift in Sources */ = {isa = PBXBuildFile; fileRef = F946A5CA2895A87100DDD402 /* LayoutAndGeometryApp.swift */; };
		F946A5CD2895A87100DDD402 /* ContentView.swift in Sources */ = {isa = PBXBuildFile; fileRef = F946A5CC2895A87100DDD402 /* ContentView.swift */; };
		F946A5CF2895A87100DDD402 /* Assets.xcassets in Resources */ = {isa = PBXBuildFile; fileRef = F946A5CE2895A87100DDD402 /* Assets.xcassets */; };
		F946A5D22895A87100DDD402 /* Preview Assets.xcassets in Resources */ = {isa = PBXBuildFile; fileRef = F946A5D12895A87100DDD402 /* Preview Assets.xcassets */; };
		F946A5DC2895A87100DDD402 /* LayoutAndGeometryTests.swift in Sources */ = {isa = PBXBuildFile; fileRef = F946A5DB2895A87100DDD402 /* LayoutAndGeometryTests.swift */; };
		F946A5E62895A87100DDD402 /* LayoutAndGeometryUITests.swift in Sources */ = {isa = PBXBuildFile; fileRef = F946A5E52895A87100DDD402 /* LayoutAndGeometryUITests.swift */; };
		F946A5E82895A87100DDD402 /* LayoutAndGeometryUITestsLaunchTests.swift in Sources */ = {isa = PBXBuildFile; fileRef = F946A5E72895A87100DDD402 /* LayoutAndGeometryUITestsLaunchTests.swift */; };
		F946A5F6289641DA00DDD402 /* AlignmentGuides.swift in Sources */ = {isa = PBXBuildFile; fileRef = F946A5F5289641DA00DDD402 /* AlignmentGuides.swift */; };
/* End PBXBuildFile section */

/* Begin PBXContainerItemProxy section */
		F946A5D82895A87100DDD402 /* PBXContainerItemProxy */ = {
			isa = PBXContainerItemProxy;
			containerPortal = F946A5BF2895A87100DDD402 /* Project object */;
			proxyType = 1;
			remoteGlobalIDString = F946A5C62895A87100DDD402;
			remoteInfo = LayoutAndGeometry;
		};
		F946A5E22895A87100DDD402 /* PBXContainerItemProxy */ = {
			isa = PBXContainerItemProxy;
			containerPortal = F946A5BF2895A87100DDD402 /* Project object */;
			proxyType = 1;
			remoteGlobalIDString = F946A5C62895A87100DDD402;
			remoteInfo = LayoutAndGeometry;
		};
/* End PBXContainerItemProxy section */

/* Begin PBXFileReference section */
		F946A5C72895A87100DDD402 /* LayoutAndGeometry.app */ = {isa = PBXFileReference; explicitFileType = wrapper.application; includeInIndex = 0; path = LayoutAndGeometry.app; sourceTree = BUILT_PRODUCTS_DIR; };
		F946A5CA2895A87100DDD402 /* LayoutAndGeometryApp.swift */ = {isa = PBXFileReference; lastKnownFileType = sourcecode.swift; path = LayoutAndGeometryApp.swift; sourceTree = "<group>"; };
		F946A5CC2895A87100DDD402 /* ContentView.swift */ = {isa = PBXFileReference; lastKnownFileType = sourcecode.swift; path = ContentView.swift; sourceTree = "<group>"; };
		F946A5CE2895A87100DDD402 /* Assets.xcassets */ = {isa = PBXFileReference; lastKnownFileType = folder.assetcatalog; path = Assets.xcassets; sourceTree = "<group>"; };
		F946A5D12895A87100DDD402 /* Preview Assets.xcassets */ = {isa = PBXFileReference; lastKnownFileType = folder.assetcatalog; path = "Preview Assets.xcassets"; sourceTree = "<group>"; };
		F946A5D72895A87100DDD402 /* LayoutAndGeometryTests.xctest */ = {isa = PBXFileReference; explicitFileType = wrapper.cfbundle; includeInIndex = 0; path = LayoutAndGeometryTests.xctest; sourceTree = BUILT_PRODUCTS_DIR; };
		F946A5DB2895A87100DDD402 /* LayoutAndGeometryTests.swift */ = {isa = PBXFileReference; lastKnownFileType = sourcecode.swift; path = LayoutAndGeometryTests.swift; sourceTree = "<group>"; };
		F946A5E12895A87100DDD402 /* LayoutAndGeometryUITests.xctest */ = {isa = PBXFileReference; explicitFileType = wrapper.cfbundle; includeInIndex = 0; path = LayoutAndGeometryUITests.xctest; sourceTree = BUILT_PRODUCTS_DIR; };
		F946A5E52895A87100DDD402 /* LayoutAndGeometryUITests.swift */ = {isa = PBXFileReference; lastKnownFileType = sourcecode.swift; path = LayoutAndGeometryUITests.swift; sourceTree = "<group>"; };
		F946A5E72895A87100DDD402 /* LayoutAndGeometryUITestsLaunchTests.swift */ = {isa = PBXFileReference; lastKnownFileType = sourcecode.swift; path = LayoutAndGeometryUITestsLaunchTests.swift; sourceTree = "<group>"; };
		F946A5F5289641DA00DDD402 /* AlignmentGuides.swift */ = {isa = PBXFileReference; lastKnownFileType = sourcecode.swift; path = AlignmentGuides.swift; sourceTree = "<group>"; };
/* End PBXFileReference section */

/* Begin PBXFrameworksBuildPhase section */
		F946A5C42895A87100DDD402 /* Frameworks */ = {
			isa = PBXFrameworksBuildPhase;
			buildActionMask = 2147483647;
			files = (
			);
			runOnlyForDeploymentPostprocessing = 0;
		};
		F946A5D42895A87100DDD402 /* Frameworks */ = {
			isa = PBXFrameworksBuildPhase;
			buildActionMask = 2147483647;
			files = (
			);
			runOnlyForDeploymentPostprocessing = 0;
		};
		F946A5DE2895A87100DDD402 /* Frameworks */ = {
			isa = PBXFrameworksBuildPhase;
			buildActionMask = 2147483647;
			files = (
			);
			runOnlyForDeploymentPostprocessing = 0;
		};
/* End PBXFrameworksBuildPhase section */

/* Begin PBXGroup section */
		F946A5BE2895A87100DDD402 = {
			isa = PBXGroup;
			children = (
				F946A5C92895A87100DDD402 /* LayoutAndGeometry */,
				F946A5DA2895A87100DDD402 /* LayoutAndGeometryTests */,
				F946A5E42895A87100DDD402 /* LayoutAndGeometryUITests */,
				F946A5C82895A87100DDD402 /* Products */,
			);
			sourceTree = "<group>";
		};
		F946A5C82895A87100DDD402 /* Products */ = {
			isa = PBXGroup;
			children = (
				F946A5C72895A87100DDD402 /* LayoutAndGeometry.app */,
				F946A5D72895A87100DDD402 /* LayoutAndGeometryTests.xctest */,
				F946A5E12895A87100DDD402 /* LayoutAndGeometryUITests.xctest */,
			);
			name = Products;
			sourceTree = "<group>";
		};
		F946A5C92895A87100DDD402 /* LayoutAndGeometry */ = {
			isa = PBXGroup;
			children = (
				F946A5F42895A88000DDD402 /* Learning */,
				F946A5CA2895A87100DDD402 /* LayoutAndGeometryApp.swift */,
				F946A5CC2895A87100DDD402 /* ContentView.swift */,
				F946A5CE2895A87100DDD402 /* Assets.xcassets */,
				F946A5D02895A87100DDD402 /* Preview Content */,
			);
			path = LayoutAndGeometry;
			sourceTree = "<group>";
		};
		F946A5D02895A87100DDD402 /* Preview Content */ = {
			isa = PBXGroup;
			children = (
				F946A5D12895A87100DDD402 /* Preview Assets.xcassets */,
			);
			path = "Preview Content";
			sourceTree = "<group>";
		};
		F946A5DA2895A87100DDD402 /* LayoutAndGeometryTests */ = {
			isa = PBXGroup;
			children = (
				F946A5DB2895A87100DDD402 /* LayoutAndGeometryTests.swift */,
			);
			path = LayoutAndGeometryTests;
			sourceTree = "<group>";
		};
		F946A5E42895A87100DDD402 /* LayoutAndGeometryUITests */ = {
			isa = PBXGroup;
			children = (
				F946A5E52895A87100DDD402 /* LayoutAndGeometryUITests.swift */,
				F946A5E72895A87100DDD402 /* LayoutAndGeometryUITestsLaunchTests.swift */,
			);
			path = LayoutAndGeometryUITests;
			sourceTree = "<group>";
		};
		F946A5F42895A88000DDD402 /* Learning */ = {
			isa = PBXGroup;
			children = (
				F946A5F5289641DA00DDD402 /* AlignmentGuides.swift */,
			);
			path = Learning;
			sourceTree = "<group>";
		};
/* End PBXGroup section */

/* Begin PBXNativeTarget section */
		F946A5C62895A87100DDD402 /* LayoutAndGeometry */ = {
			isa = PBXNativeTarget;
			buildConfigurationList = F946A5EB2895A87100DDD402 /* Build configuration list for PBXNativeTarget "LayoutAndGeometry" */;
			buildPhases = (
				F946A5C32895A87100DDD402 /* Sources */,
				F946A5C42895A87100DDD402 /* Frameworks */,
				F946A5C52895A87100DDD402 /* Resources */,
			);
			buildRules = (
			);
			dependencies = (
			);
			name = LayoutAndGeometry;
			productName = LayoutAndGeometry;
			productReference = F946A5C72895A87100DDD402 /* LayoutAndGeometry.app */;
			productType = "com.apple.product-type.application";
		};
		F946A5D62895A87100DDD402 /* LayoutAndGeometryTests */ = {
			isa = PBXNativeTarget;
			buildConfigurationList = F946A5EE2895A87100DDD402 /* Build configuration list for PBXNativeTarget "LayoutAndGeometryTests" */;
			buildPhases = (
				F946A5D32895A87100DDD402 /* Sources */,
				F946A5D42895A87100DDD402 /* Frameworks */,
				F946A5D52895A87100DDD402 /* Resources */,
			);
			buildRules = (
			);
			dependencies = (
				F946A5D92895A87100DDD402 /* PBXTargetDependency */,
			);
			name = LayoutAndGeometryTests;
			productName = LayoutAndGeometryTests;
			productReference = F946A5D72895A87100DDD402 /* LayoutAndGeometryTests.xctest */;
			productType = "com.apple.product-type.bundle.unit-test";
		};
		F946A5E02895A87100DDD402 /* LayoutAndGeometryUITests */ = {
			isa = PBXNativeTarget;
			buildConfigurationList = F946A5F12895A87100DDD402 /* Build configuration list for PBXNativeTarget "LayoutAndGeometryUITests" */;
			buildPhases = (
				F946A5DD2895A87100DDD402 /* Sources */,
				F946A5DE2895A87100DDD402 /* Frameworks */,
				F946A5DF2895A87100DDD402 /* Resources */,
			);
			buildRules = (
			);
			dependencies = (
				F946A5E32895A87100DDD402 /* PBXTargetDependency */,
			);
			name = LayoutAndGeometryUITests;
			productName = LayoutAndGeometryUITests;
			productReference = F946A5E12895A87100DDD402 /* LayoutAndGeometryUITests.xctest */;
			productType = "com.apple.product-type.bundle.ui-testing";
		};
/* End PBXNativeTarget section */

/* Begin PBXProject section */
		F946A5BF2895A87100DDD402 /* Project object */ = {
			isa = PBXProject;
			attributes = {
				BuildIndependentTargetsInParallel = 1;
				LastSwiftUpdateCheck = 1340;
				LastUpgradeCheck = 1340;
				TargetAttributes = {
					F946A5C62895A87100DDD402 = {
						CreatedOnToolsVersion = 13.4.1;
					};
					F946A5D62895A87100DDD402 = {
						CreatedOnToolsVersion = 13.4.1;
						TestTargetID = F946A5C62895A87100DDD402;
					};
					F946A5E02895A87100DDD402 = {
						CreatedOnToolsVersion = 13.4.1;
						TestTargetID = F946A5C62895A87100DDD402;
					};
				};
			};
			buildConfigurationList = F946A5C22895A87100DDD402 /* Build configuration list for PBXProject "LayoutAndGeometry" */;
			compatibilityVersion = "Xcode 13.0";
			developmentRegion = en;
			hasScannedForEncodings = 0;
			knownRegions = (
				en,
				Base,
			);
			mainGroup = F946A5BE2895A87100DDD402;
			productRefGroup = F946A5C82895A87100DDD402 /* Products */;
			projectDirPath = "";
			projectRoot = "";
			targets = (
				F946A5C62895A87100DDD402 /* LayoutAndGeometry */,
				F946A5D62895A87100DDD402 /* LayoutAndGeometryTests */,
				F946A5E02895A87100DDD402 /* LayoutAndGeometryUITests */,
			);
		};
/* End PBXProject section */

/* Begin PBXResourcesBuildPhase section */
		F946A5C52895A87100DDD402 /* Resources */ = {
			isa = PBXResourcesBuildPhase;
			buildActionMask = 2147483647;
			files = (
				F946A5D22895A87100DDD402 /* Preview Assets.xcassets in Resources */,
				F946A5CF2895A87100DDD402 /* Assets.xcassets in Resources */,
			);
			runOnlyForDeploymentPostprocessing = 0;
		};
		F946A5D52895A87100DDD402 /* Resources */ = {
			isa = PBXResourcesBuildPhase;
			buildActionMask = 2147483647;
			files = (
			);
			runOnlyForDeploymentPostprocessing = 0;
		};
		F946A5DF2895A87100DDD402 /* Resources */ = {
			isa = PBXResourcesBuildPhase;
			buildActionMask = 2147483647;
			files = (
			);
			runOnlyForDeploymentPostprocessing = 0;
		};
/* End PBXResourcesBuildPhase section */

/* Begin PBXSourcesBuildPhase section */
		F946A5C32895A87100DDD402 /* Sources */ = {
			isa = PBXSourcesBuildPhase;
			buildActionMask = 2147483647;
			files = (
				F946A5CD2895A87100DDD402 /* ContentView.swift in Sources */,
				F946A5F6289641DA00DDD402 /* AlignmentGuides.swift in Sources */,
				F946A5CB2895A87100DDD402 /* LayoutAndGeometryApp.swift in Sources */,
			);
			runOnlyForDeploymentPostprocessing = 0;
		};
		F946A5D32895A87100DDD402 /* Sources */ = {
			isa = PBXSourcesBuildPhase;
			buildActionMask = 2147483647;
			files = (
				F946A5DC2895A87100DDD402 /* LayoutAndGeometryTests.swift in Sources */,
			);
			runOnlyForDeploymentPostprocessing = 0;
		};
		F946A5DD2895A87100DDD402 /* Sources */ = {
			isa = PBXSourcesBuildPhase;
			buildActionMask = 2147483647;
			files = (
				F946A5E82895A87100DDD402 /* LayoutAndGeometryUITestsLaunchTests.swift in Sources */,
				F946A5E62895A87100DDD402 /* LayoutAndGeometryUITests.swift in Sources */,
			);
			runOnlyForDeploymentPostprocessing = 0;
		};
/* End PBXSourcesBuildPhase section */

/* Begin PBXTargetDependency section */
		F946A5D92895A87100DDD402 /* PBXTargetDependency */ = {
			isa = PBXTargetDependency;
			target = F946A5C62895A87100DDD402 /* LayoutAndGeometry */;
			targetProxy = F946A5D82895A87100DDD402 /* PBXContainerItemProxy */;
		};
		F946A5E32895A87100DDD402 /* PBXTargetDependency */ = {
			isa = PBXTargetDependency;
			target = F946A5C62895A87100DDD402 /* LayoutAndGeometry */;
			targetProxy = F946A5E22895A87100DDD402 /* PBXContainerItemProxy */;
		};
/* End PBXTargetDependency section */

/* Begin XCBuildConfiguration section */
		F946A5E92895A87100DDD402 /* Debug */ = {
			isa = XCBuildConfiguration;
			buildSettings = {
				ALWAYS_SEARCH_USER_PATHS = NO;
				CLANG_ANALYZER_NONNULL = YES;
				CLANG_ANALYZER_NUMBER_OBJECT_CONVERSION = YES_AGGRESSIVE;
				CLANG_CXX_LANGUAGE_STANDARD = "gnu++17";
				CLANG_ENABLE_MODULES = YES;
				CLANG_ENABLE_OBJC_ARC = YES;
				CLANG_ENABLE_OBJC_WEAK = YES;
				CLANG_WARN_BLOCK_CAPTURE_AUTORELEASING = YES;
				CLANG_WARN_BOOL_CONVERSION = YES;
				CLANG_WARN_COMMA = YES;
				CLANG_WARN_CONSTANT_CONVERSION = YES;
				CLANG_WARN_DEPRECATED_OBJC_IMPLEMENTATIONS = YES;
				CLANG_WARN_DIRECT_OBJC_ISA_USAGE = YES_ERROR;
				CLANG_WARN_DOCUMENTATION_COMMENTS = YES;
				CLANG_WARN_EMPTY_BODY = YES;
				CLANG_WARN_ENUM_CONVERSION = YES;
				CLANG_WARN_INFINITE_RECURSION = YES;
				CLANG_WARN_INT_CONVERSION = YES;
				CLANG_WARN_NON_LITERAL_NULL_CONVERSION = YES;
				CLANG_WARN_OBJC_IMPLICIT_RETAIN_SELF = YES;
				CLANG_WARN_OBJC_LITERAL_CONVERSION = YES;
				CLANG_WARN_OBJC_ROOT_CLASS = YES_ERROR;
				CLANG_WARN_QUOTED_INCLUDE_IN_FRAMEWORK_HEADER = YES;
				CLANG_WARN_RANGE_LOOP_ANALYSIS = YES;
				CLANG_WARN_STRICT_PROTOTYPES = YES;
				CLANG_WARN_SUSPICIOUS_MOVE = YES;
				CLANG_WARN_UNGUARDED_AVAILABILITY = YES_AGGRESSIVE;
				CLANG_WARN_UNREACHABLE_CODE = YES;
				CLANG_WARN__DUPLICATE_METHOD_MATCH = YES;
				COPY_PHASE_STRIP = NO;
				DEBUG_INFORMATION_FORMAT = dwarf;
				ENABLE_STRICT_OBJC_MSGSEND = YES;
				ENABLE_TESTABILITY = YES;
				GCC_C_LANGUAGE_STANDARD = gnu11;
				GCC_DYNAMIC_NO_PIC = NO;
				GCC_NO_COMMON_BLOCKS = YES;
				GCC_OPTIMIZATION_LEVEL = 0;
				GCC_PREPROCESSOR_DEFINITIONS = (
					"DEBUG=1",
					"$(inherited)",
				);
				GCC_WARN_64_TO_32_BIT_CONVERSION = YES;
				GCC_WARN_ABOUT_RETURN_TYPE = YES_ERROR;
				GCC_WARN_UNDECLARED_SELECTOR = YES;
				GCC_WARN_UNINITIALIZED_AUTOS = YES_AGGRESSIVE;
				GCC_WARN_UNUSED_FUNCTION = YES;
				GCC_WARN_UNUSED_VARIABLE = YES;
				IPHONEOS_DEPLOYMENT_TARGET = 15.5;
				MTL_ENABLE_DEBUG_INFO = INCLUDE_SOURCE;
				MTL_FAST_MATH = YES;
				ONLY_ACTIVE_ARCH = YES;
				SDKROOT = iphoneos;
				SWIFT_ACTIVE_COMPILATION_CONDITIONS = DEBUG;
				SWIFT_OPTIMIZATION_LEVEL = "-Onone";
			};
			name = Debug;
		};
		F946A5EA2895A87100DDD402 /* Release */ = {
			isa = XCBuildConfiguration;
			buildSettings = {
				ALWAYS_SEARCH_USER_PATHS = NO;
				CLANG_ANALYZER_NONNULL = YES;
				CLANG_ANALYZER_NUMBER_OBJECT_CONVERSION = YES_AGGRESSIVE;
				CLANG_CXX_LANGUAGE_STANDARD = "gnu++17";
				CLANG_ENABLE_MODULES = YES;
				CLANG_ENABLE_OBJC_ARC = YES;
				CLANG_ENABLE_OBJC_WEAK = YES;
				CLANG_WARN_BLOCK_CAPTURE_AUTORELEASING = YES;
				CLANG_WARN_BOOL_CONVERSION = YES;
				CLANG_WARN_COMMA = YES;
				CLANG_WARN_CONSTANT_CONVERSION = YES;
				CLANG_WARN_DEPRECATED_OBJC_IMPLEMENTATIONS = YES;
				CLANG_WARN_DIRECT_OBJC_ISA_USAGE = YES_ERROR;
				CLANG_WARN_DOCUMENTATION_COMMENTS = YES;
				CLANG_WARN_EMPTY_BODY = YES;
				CLANG_WARN_ENUM_CONVERSION = YES;
				CLANG_WARN_INFINITE_RECURSION = YES;
				CLANG_WARN_INT_CONVERSION = YES;
				CLANG_WARN_NON_LITERAL_NULL_CONVERSION = YES;
				CLANG_WARN_OBJC_IMPLICIT_RETAIN_SELF = YES;
				CLANG_WARN_OBJC_LITERAL_CONVERSION = YES;
				CLANG_WARN_OBJC_ROOT_CLASS = YES_ERROR;
				CLANG_WARN_QUOTED_INCLUDE_IN_FRAMEWORK_HEADER = YES;
				CLANG_WARN_RANGE_LOOP_ANALYSIS = YES;
				CLANG_WARN_STRICT_PROTOTYPES = YES;
				CLANG_WARN_SUSPICIOUS_MOVE = YES;
				CLANG_WARN_UNGUARDED_AVAILABILITY = YES_AGGRESSIVE;
				CLANG_WARN_UNREACHABLE_CODE = YES;
				CLANG_WARN__DUPLICATE_METHOD_MATCH = YES;
				COPY_PHASE_STRIP = NO;
				DEBUG_INFORMATION_FORMAT = "dwarf-with-dsym";
				ENABLE_NS_ASSERTIONS = NO;
				ENABLE_STRICT_OBJC_MSGSEND = YES;
				GCC_C_LANGUAGE_STANDARD = gnu11;
				GCC_NO_COMMON_BLOCKS = YES;
				GCC_WARN_64_TO_32_BIT_CONVERSION = YES;
				GCC_WARN_ABOUT_RETURN_TYPE = YES_ERROR;
				GCC_WARN_UNDECLARED_SELECTOR = YES;
				GCC_WARN_UNINITIALIZED_AUTOS = YES_AGGRESSIVE;
				GCC_WARN_UNUSED_FUNCTION = YES;
				GCC_WARN_UNUSED_VARIABLE = YES;
				IPHONEOS_DEPLOYMENT_TARGET = 15.5;
				MTL_ENABLE_DEBUG_INFO = NO;
				MTL_FAST_MATH = YES;
				SDKROOT = iphoneos;
				SWIFT_COMPILATION_MODE = wholemodule;
				SWIFT_OPTIMIZATION_LEVEL = "-O";
				VALIDATE_PRODUCT = YES;
			};
			name = Release;
		};
		F946A5EC2895A87100DDD402 /* Debug */ = {
			isa = XCBuildConfiguration;
			buildSettings = {
				ASSETCATALOG_COMPILER_APPICON_NAME = AppIcon;
				ASSETCATALOG_COMPILER_GLOBAL_ACCENT_COLOR_NAME = AccentColor;
				CODE_SIGN_STYLE = Automatic;
				CURRENT_PROJECT_VERSION = 1;
				DEVELOPMENT_ASSET_PATHS = "\"LayoutAndGeometry/Preview Content\"";
				ENABLE_PREVIEWS = YES;
				GENERATE_INFOPLIST_FILE = YES;
				INFOPLIST_KEY_UIApplicationSceneManifest_Generation = YES;
				INFOPLIST_KEY_UIApplicationSupportsIndirectInputEvents = YES;
				INFOPLIST_KEY_UILaunchScreen_Generation = YES;
				INFOPLIST_KEY_UISupportedInterfaceOrientations_iPad = "UIInterfaceOrientationPortrait UIInterfaceOrientationPortraitUpsideDown UIInterfaceOrientationLandscapeLeft UIInterfaceOrientationLandscapeRight";
				INFOPLIST_KEY_UISupportedInterfaceOrientations_iPhone = "UIInterfaceOrientationPortrait UIInterfaceOrientationLandscapeLeft UIInterfaceOrientationLandscapeRight";
				LD_RUNPATH_SEARCH_PATHS = (
					"$(inherited)",
					"@executable_path/Frameworks",
				);
				MARKETING_VERSION = 1.0;
				PRODUCT_BUNDLE_IDENTIFIER = com.takasurazeem.LayoutAndGeometry;
				PRODUCT_NAME = "$(TARGET_NAME)";
				SWIFT_EMIT_LOC_STRINGS = YES;
				SWIFT_VERSION = 5.0;
				TARGETED_DEVICE_FAMILY = "1,2";
			};
			name = Debug;
		};
		F946A5ED2895A87100DDD402 /* Release */ = {
			isa = XCBuildConfiguration;
			buildSettings = {
				ASSETCATALOG_COMPILER_APPICON_NAME = AppIcon;
				ASSETCATALOG_COMPILER_GLOBAL_ACCENT_COLOR_NAME = AccentColor;
				CODE_SIGN_STYLE = Automatic;
				CURRENT_PROJECT_VERSION = 1;
				DEVELOPMENT_ASSET_PATHS = "\"LayoutAndGeometry/Preview Content\"";
				ENABLE_PREVIEWS = YES;
				GENERATE_INFOPLIST_FILE = YES;
				INFOPLIST_KEY_UIApplicationSceneManifest_Generation = YES;
				INFOPLIST_KEY_UIApplicationSupportsIndirectInputEvents = YES;
				INFOPLIST_KEY_UILaunchScreen_Generation = YES;
				INFOPLIST_KEY_UISupportedInterfaceOrientations_iPad = "UIInterfaceOrientationPortrait UIInterfaceOrientationPortraitUpsideDown UIInterfaceOrientationLandscapeLeft UIInterfaceOrientationLandscapeRight";
				INFOPLIST_KEY_UISupportedInterfaceOrientations_iPhone = "UIInterfaceOrientationPortrait UIInterfaceOrientationLandscapeLeft UIInterfaceOrientationLandscapeRight";
				LD_RUNPATH_SEARCH_PATHS = (
					"$(inherited)",
					"@executable_path/Frameworks",
				);
				MARKETING_VERSION = 1.0;
				PRODUCT_BUNDLE_IDENTIFIER = com.takasurazeem.LayoutAndGeometry;
				PRODUCT_NAME = "$(TARGET_NAME)";
				SWIFT_EMIT_LOC_STRINGS = YES;
				SWIFT_VERSION = 5.0;
				TARGETED_DEVICE_FAMILY = "1,2";
			};
			name = Release;
		};
		F946A5EF2895A87100DDD402 /* Debug */ = {
			isa = XCBuildConfiguration;
			buildSettings = {
				ALWAYS_EMBED_SWIFT_STANDARD_LIBRARIES = YES;
				BUNDLE_LOADER = "$(TEST_HOST)";
				CODE_SIGN_STYLE = Automatic;
				CURRENT_PROJECT_VERSION = 1;
				GENERATE_INFOPLIST_FILE = YES;
				IPHONEOS_DEPLOYMENT_TARGET = 15.5;
				MARKETING_VERSION = 1.0;
				PRODUCT_BUNDLE_IDENTIFIER = com.takasurazeem.LayoutAndGeometryTests;
				PRODUCT_NAME = "$(TARGET_NAME)";
				SWIFT_EMIT_LOC_STRINGS = NO;
				SWIFT_VERSION = 5.0;
				TARGETED_DEVICE_FAMILY = "1,2";
				TEST_HOST = "$(BUILT_PRODUCTS_DIR)/LayoutAndGeometry.app/LayoutAndGeometry";
			};
			name = Debug;
		};
		F946A5F02895A87100DDD402 /* Release */ = {
			isa = XCBuildConfiguration;
			buildSettings = {
				ALWAYS_EMBED_SWIFT_STANDARD_LIBRARIES = YES;
				BUNDLE_LOADER = "$(TEST_HOST)";
				CODE_SIGN_STYLE = Automatic;
				CURRENT_PROJECT_VERSION = 1;
				GENERATE_INFOPLIST_FILE = YES;
				IPHONEOS_DEPLOYMENT_TARGET = 15.5;
				MARKETING_VERSION = 1.0;
				PRODUCT_BUNDLE_IDENTIFIER = com.takasurazeem.LayoutAndGeometryTests;
				PRODUCT_NAME = "$(TARGET_NAME)";
				SWIFT_EMIT_LOC_STRINGS = NO;
				SWIFT_VERSION = 5.0;
				TARGETED_DEVICE_FAMILY = "1,2";
				TEST_HOST = "$(BUILT_PRODUCTS_DIR)/LayoutAndGeometry.app/LayoutAndGeometry";
			};
			name = Release;
		};
		F946A5F22895A87100DDD402 /* Debug */ = {
			isa = XCBuildConfiguration;
			buildSettings = {
				ALWAYS_EMBED_SWIFT_STANDARD_LIBRARIES = YES;
				CODE_SIGN_STYLE = Automatic;
				CURRENT_PROJECT_VERSION = 1;
				GENERATE_INFOPLIST_FILE = YES;
				MARKETING_VERSION = 1.0;
				PRODUCT_BUNDLE_IDENTIFIER = com.takasurazeem.LayoutAndGeometryUITests;
				PRODUCT_NAME = "$(TARGET_NAME)";
				SWIFT_EMIT_LOC_STRINGS = NO;
				SWIFT_VERSION = 5.0;
				TARGETED_DEVICE_FAMILY = "1,2";
				TEST_TARGET_NAME = LayoutAndGeometry;
			};
			name = Debug;
		};
		F946A5F32895A87100DDD402 /* Release */ = {
			isa = XCBuildConfiguration;
			buildSettings = {
				ALWAYS_EMBED_SWIFT_STANDARD_LIBRARIES = YES;
				CODE_SIGN_STYLE = Automatic;
				CURRENT_PROJECT_VERSION = 1;
				GENERATE_INFOPLIST_FILE = YES;
				MARKETING_VERSION = 1.0;
				PRODUCT_BUNDLE_IDENTIFIER = com.takasurazeem.LayoutAndGeometryUITests;
				PRODUCT_NAME = "$(TARGET_NAME)";
				SWIFT_EMIT_LOC_STRINGS = NO;
				SWIFT_VERSION = 5.0;
				TARGETED_DEVICE_FAMILY = "1,2";
				TEST_TARGET_NAME = LayoutAndGeometry;
			};
			name = Release;
		};
/* End XCBuildConfiguration section */

/* Begin XCConfigurationList section */
		F946A5C22895A87100DDD402 /* Build configuration list for PBXProject "LayoutAndGeometry" */ = {
			isa = XCConfigurationList;
			buildConfigurations = (
				F946A5E92895A87100DDD402 /* Debug */,
				F946A5EA2895A87100DDD402 /* Release */,
			);
			defaultConfigurationIsVisible = 0;
			defaultConfigurationName = Release;
		};
		F946A5EB2895A87100DDD402 /* Build configuration list for PBXNativeTarget "LayoutAndGeometry" */ = {
			isa = XCConfigurationList;
			buildConfigurations = (
				F946A5EC2895A87100DDD402 /* Debug */,
				F946A5ED2895A87100DDD402 /* Release */,
			);
			defaultConfigurationIsVisible = 0;
			defaultConfigurationName = Release;
		};
		F946A5EE2895A87100DDD402 /* Build configuration list for PBXNativeTarget "LayoutAndGeometryTests" */ = {
			isa = XCConfigurationList;
			buildConfigurations = (
				F946A5EF2895A87100DDD402 /* Debug */,
				F946A5F02895A87100DDD402 /* Release */,
			);
			defaultConfigurationIsVisible = 0;
			defaultConfigurationName = Release;
		};
		F946A5F12895A87100DDD402 /* Build configuration list for PBXNativeTarget "LayoutAndGeometryUITests" */ = {
			isa = XCConfigurationList;
			buildConfigurations = (
				F946A5F22895A87100DDD402 /* Debug */,
				F946A5F32895A87100DDD402 /* Release */,
			);
			defaultConfigurationIsVisible = 0;
			defaultConfigurationName = Release;
		};
/* End XCConfigurationList section */
	};
	rootObject = F946A5BF2895A87100DDD402 /* Project object */;
}
